// !$*UTF8*$!
{
	archiveVersion = 1;
	classes = {
	};
	objectVersion = 51;
	objects = {

/* Begin PBXBuildFile section */
		67E627C4A531286700B50371 /* Pods_Todoey.framework in Frameworks */ = {isa = PBXBuildFile; fileRef = 70DB97DD3F54BFAC2E5136FB /* Pods_Todoey.framework */; };
		B2313D4A223A93490097D74E /* Item.swift in Sources */ = {isa = PBXBuildFile; fileRef = B2313D49223A93490097D74E /* Item.swift */; };
		B2313D4C223A93600097D74E /* Category.swift in Sources */ = {isa = PBXBuildFile; fileRef = B2313D4B223A93600097D74E /* Category.swift */; };
		B2BEDE3A223A27ED0034A00F /* CategoryViewController.swift in Sources */ = {isa = PBXBuildFile; fileRef = B2BEDE39223A27ED0034A00F /* CategoryViewController.swift */; };
		B2F6EC4322393CB7009E4DC1 /* AppDelegate.swift in Sources */ = {isa = PBXBuildFile; fileRef = B2F6EC4222393CB7009E4DC1 /* AppDelegate.swift */; };
		B2F6EC4522393CB7009E4DC1 /* ToDoListViewController.swift in Sources */ = {isa = PBXBuildFile; fileRef = B2F6EC4422393CB7009E4DC1 /* ToDoListViewController.swift */; };
		B2F6EC4822393CB7009E4DC1 /* Main.storyboard in Resources */ = {isa = PBXBuildFile; fileRef = B2F6EC4622393CB7009E4DC1 /* Main.storyboard */; };
		B2F6EC4A22393CB9009E4DC1 /* Assets.xcassets in Resources */ = {isa = PBXBuildFile; fileRef = B2F6EC4922393CB9009E4DC1 /* Assets.xcassets */; };
		B2F6EC4D22393CB9009E4DC1 /* LaunchScreen.storyboard in Resources */ = {isa = PBXBuildFile; fileRef = B2F6EC4B22393CB9009E4DC1 /* LaunchScreen.storyboard */; };
/* End PBXBuildFile section */

/* Begin PBXFileReference section */
		09CFB1F8FC4FC4B911111D8F /* Pods-Todoey.release.xcconfig */ = {isa = PBXFileReference; includeInIndex = 1; lastKnownFileType = text.xcconfig; name = "Pods-Todoey.release.xcconfig"; path = "Target Support Files/Pods-Todoey/Pods-Todoey.release.xcconfig"; sourceTree = "<group>"; };
		16DD5D36636D38CBA0E7CDEF /* Pods-Todoey.debug.xcconfig */ = {isa = PBXFileReference; includeInIndex = 1; lastKnownFileType = text.xcconfig; name = "Pods-Todoey.debug.xcconfig"; path = "Target Support Files/Pods-Todoey/Pods-Todoey.debug.xcconfig"; sourceTree = "<group>"; };
		70DB97DD3F54BFAC2E5136FB /* Pods_Todoey.framework */ = {isa = PBXFileReference; explicitFileType = wrapper.framework; includeInIndex = 0; path = Pods_Todoey.framework; sourceTree = BUILT_PRODUCTS_DIR; };
		B2313D49223A93490097D74E /* Item.swift */ = {isa = PBXFileReference; lastKnownFileType = sourcecode.swift; path = Item.swift; sourceTree = "<group>"; };
		B2313D4B223A93600097D74E /* Category.swift */ = {isa = PBXFileReference; lastKnownFileType = sourcecode.swift; path = Category.swift; sourceTree = "<group>"; };
		B2BEDE39223A27ED0034A00F /* CategoryViewController.swift */ = {isa = PBXFileReference; lastKnownFileType = sourcecode.swift; path = CategoryViewController.swift; sourceTree = "<group>"; };
		B2F6EC3F22393CB7009E4DC1 /* Todoey.app */ = {isa = PBXFileReference; explicitFileType = wrapper.application; includeInIndex = 0; path = Todoey.app; sourceTree = BUILT_PRODUCTS_DIR; };
		B2F6EC4222393CB7009E4DC1 /* AppDelegate.swift */ = {isa = PBXFileReference; lastKnownFileType = sourcecode.swift; path = AppDelegate.swift; sourceTree = "<group>"; };
		B2F6EC4422393CB7009E4DC1 /* ToDoListViewController.swift */ = {isa = PBXFileReference; lastKnownFileType = sourcecode.swift; path = ToDoListViewController.swift; sourceTree = "<group>"; };
		B2F6EC4722393CB7009E4DC1 /* Base */ = {isa = PBXFileReference; lastKnownFileType = file.storyboard; name = Base; path = Base.lproj/Main.storyboard; sourceTree = "<group>"; };
		B2F6EC4922393CB9009E4DC1 /* Assets.xcassets */ = {isa = PBXFileReference; lastKnownFileType = folder.assetcatalog; path = Assets.xcassets; sourceTree = "<group>"; };
		B2F6EC4C22393CB9009E4DC1 /* Base */ = {isa = PBXFileReference; lastKnownFileType = file.storyboard; name = Base; path = Base.lproj/LaunchScreen.storyboard; sourceTree = "<group>"; };
		B2F6EC4E22393CB9009E4DC1 /* Info.plist */ = {isa = PBXFileReference; lastKnownFileType = text.plist.xml; path = Info.plist; sourceTree = "<group>"; };
/* End PBXFileReference section */

/* Begin PBXFrameworksBuildPhase section */
		B2F6EC3C22393CB7009E4DC1 /* Frameworks */ = {
			isa = PBXFrameworksBuildPhase;
			buildActionMask = 2147483647;
			files = (
				67E627C4A531286700B50371 /* Pods_Todoey.framework in Frameworks */,
			);
			runOnlyForDeploymentPostprocessing = 0;
		};
/* End PBXFrameworksBuildPhase section */

/* Begin PBXGroup section */
		62FE2410C366821F0CE1A956 /* Pods */ = {
			isa = PBXGroup;
			children = (
				16DD5D36636D38CBA0E7CDEF /* Pods-Todoey.debug.xcconfig */,
				09CFB1F8FC4FC4B911111D8F /* Pods-Todoey.release.xcconfig */,
			);
			path = Pods;
			sourceTree = "<group>";
		};
		B2F6EC3622393CB7009E4DC1 = {
			isa = PBXGroup;
			children = (
				B2F6EC4122393CB7009E4DC1 /* Todoey */,
				B2F6EC4022393CB7009E4DC1 /* Products */,
				62FE2410C366821F0CE1A956 /* Pods */,
				BB5647B23C8EC669CD1AB067 /* Frameworks */,
			);
			sourceTree = "<group>";
		};
		B2F6EC4022393CB7009E4DC1 /* Products */ = {
			isa = PBXGroup;
			children = (
				B2F6EC3F22393CB7009E4DC1 /* Todoey.app */,
			);
			name = Products;
			sourceTree = "<group>";
		};
		B2F6EC4122393CB7009E4DC1 /* Todoey */ = {
			isa = PBXGroup;
			children = (
				B2F6EC4222393CB7009E4DC1 /* AppDelegate.swift */,
				B2F6EC5722397AE9009E4DC1 /* Controllers */,
				B2F6EC5822397B05009E4DC1 /* Views */,
				B2F6EC5922397B2A009E4DC1 /* Supporting Files */,
				B2F6EC4E22393CB9009E4DC1 /* Info.plist */,
				B2F6EC5622397AC5009E4DC1 /* Data Model */,
			);
			path = Todoey;
			sourceTree = "<group>";
		};
		B2F6EC5622397AC5009E4DC1 /* Data Model */ = {
			isa = PBXGroup;
			children = (
				B2313D4B223A93600097D74E /* Category.swift */,
				B2313D49223A93490097D74E /* Item.swift */,
			);
			path = "Data Model";
			sourceTree = "<group>";
		};
		B2F6EC5722397AE9009E4DC1 /* Controllers */ = {
			isa = PBXGroup;
			children = (
				B2BEDE39223A27ED0034A00F /* CategoryViewController.swift */,
				B2F6EC4422393CB7009E4DC1 /* ToDoListViewController.swift */,
			);
			path = Controllers;
			sourceTree = "<group>";
		};
		B2F6EC5822397B05009E4DC1 /* Views */ = {
			isa = PBXGroup;
			children = (
				B2F6EC4622393CB7009E4DC1 /* Main.storyboard */,
			);
			path = Views;
			sourceTree = "<group>";
		};
		B2F6EC5922397B2A009E4DC1 /* Supporting Files */ = {
			isa = PBXGroup;
			children = (
				B2F6EC4922393CB9009E4DC1 /* Assets.xcassets */,
				B2F6EC4B22393CB9009E4DC1 /* LaunchScreen.storyboard */,
			);
			path = "Supporting Files";
			sourceTree = "<group>";
		};
		BB5647B23C8EC669CD1AB067 /* Frameworks */ = {
			isa = PBXGroup;
			children = (
				70DB97DD3F54BFAC2E5136FB /* Pods_Todoey.framework */,
			);
			name = Frameworks;
			sourceTree = "<group>";
		};
/* End PBXGroup section */

/* Begin PBXNativeTarget section */
		B2F6EC3E22393CB7009E4DC1 /* Todoey */ = {
			isa = PBXNativeTarget;
			buildConfigurationList = B2F6EC5122393CB9009E4DC1 /* Build configuration list for PBXNativeTarget "Todoey" */;
			buildPhases = (
				C49A8AC2857AEA3E628040C2 /* [CP] Check Pods Manifest.lock */,
				B2F6EC3B22393CB7009E4DC1 /* Sources */,
				B2F6EC3C22393CB7009E4DC1 /* Frameworks */,
				B2F6EC3D22393CB7009E4DC1 /* Resources */,
				101F5B873490B4F27AFBB778 /* [CP] Embed Pods Frameworks */,
			);
			buildRules = (
			);
			dependencies = (
			);
			name = Todoey;
			productName = Todoey;
			productReference = B2F6EC3F22393CB7009E4DC1 /* Todoey.app */;
			productType = "com.apple.product-type.application";
		};
/* End PBXNativeTarget section */

/* Begin PBXProject section */
		B2F6EC3722393CB7009E4DC1 /* Project object */ = {
			isa = PBXProject;
			attributes = {
				LastSwiftUpdateCheck = 1010;
				LastUpgradeCheck = 1010;
				ORGANIZATIONNAME = "Arman morshed";
				TargetAttributes = {
					B2F6EC3E22393CB7009E4DC1 = {
						CreatedOnToolsVersion = 10.1;
					};
				};
			};
			buildConfigurationList = B2F6EC3A22393CB7009E4DC1 /* Build configuration list for PBXProject "Todoey" */;
			compatibilityVersion = "Xcode 10.0";
			developmentRegion = en;
			hasScannedForEncodings = 0;
			knownRegions = (
				en,
				Base,
			);
			mainGroup = B2F6EC3622393CB7009E4DC1;
			productRefGroup = B2F6EC4022393CB7009E4DC1 /* Products */;
			projectDirPath = "";
			projectRoot = "";
			targets = (
				B2F6EC3E22393CB7009E4DC1 /* Todoey */,
			);
		};
/* End PBXProject section */

/* Begin PBXResourcesBuildPhase section */
		B2F6EC3D22393CB7009E4DC1 /* Resources */ = {
			isa = PBXResourcesBuildPhase;
			buildActionMask = 2147483647;
			files = (
				B2F6EC4D22393CB9009E4DC1 /* LaunchScreen.storyboard in Resources */,
				B2F6EC4A22393CB9009E4DC1 /* Assets.xcassets in Resources */,
				B2F6EC4822393CB7009E4DC1 /* Main.storyboard in Resources */,
			);
			runOnlyForDeploymentPostprocessing = 0;
		};
/* End PBXResourcesBuildPhase section */

/* Begin PBXShellScriptBuildPhase section */
		101F5B873490B4F27AFBB778 /* [CP] Embed Pods Frameworks */ = {
			isa = PBXShellScriptBuildPhase;
			buildActionMask = 2147483647;
			files = (
			);
			inputFileListPaths = (
			);
			inputPaths = (
				"${PODS_ROOT}/Target Support Files/Pods-Todoey/Pods-Todoey-frameworks.sh",
				"${BUILT_PRODUCTS_DIR}/Realm/Realm.framework",
				"${BUILT_PRODUCTS_DIR}/RealmSwift/RealmSwift.framework",
			);
			name = "[CP] Embed Pods Frameworks";
			outputFileListPaths = (
			);
			outputPaths = (
				"${TARGET_BUILD_DIR}/${FRAMEWORKS_FOLDER_PATH}/Realm.framework",
				"${TARGET_BUILD_DIR}/${FRAMEWORKS_FOLDER_PATH}/RealmSwift.framework",
			);
			runOnlyForDeploymentPostprocessing = 0;
			shellPath = /bin/sh;
			shellScript = "\"${PODS_ROOT}/Target Support Files/Pods-Todoey/Pods-Todoey-frameworks.sh\"\n";
			showEnvVarsInLog = 0;
		};
		C49A8AC2857AEA3E628040C2 /* [CP] Check Pods Manifest.lock */ = {
			isa = PBXShellScriptBuildPhase;
			buildActionMask = 2147483647;
			files = (
			);
			inputFileListPaths = (
			);
			inputPaths = (
				"${PODS_PODFILE_DIR_PATH}/Podfile.lock",
				"${PODS_ROOT}/Manifest.lock",
			);
			name = "[CP] Check Pods Manifest.lock";
			outputFileListPaths = (
			);
			outputPaths = (
				"$(DERIVED_FILE_DIR)/Pods-Todoey-checkManifestLockResult.txt",
			);
			runOnlyForDeploymentPostprocessing = 0;
			shellPath = /bin/sh;
			shellScript = "diff \"${PODS_PODFILE_DIR_PATH}/Podfile.lock\" \"${PODS_ROOT}/Manifest.lock\" > /dev/null\nif [ $? != 0 ] ; then\n    # print error to STDERR\n    echo \"error: The sandbox is not in sync with the Podfile.lock. Run 'pod install' or update your CocoaPods installation.\" >&2\n    exit 1\nfi\n# This output is used by Xcode 'outputs' to avoid re-running this script phase.\necho \"SUCCESS\" > \"${SCRIPT_OUTPUT_FILE_0}\"\n";
			showEnvVarsInLog = 0;
		};
/* End PBXShellScriptBuildPhase section */

/* Begin PBXSourcesBuildPhase section */
		B2F6EC3B22393CB7009E4DC1 /* Sources */ = {
			isa = PBXSourcesBuildPhase;
			buildActionMask = 2147483647;
			files = (
				B2313D4A223A93490097D74E /* Item.swift in Sources */,
				B2F6EC4522393CB7009E4DC1 /* ToDoListViewController.swift in Sources */,
				B2BEDE3A223A27ED0034A00F /* CategoryViewController.swift in Sources */,
				B2F6EC4322393CB7009E4DC1 /* AppDelegate.swift in Sources */,
				B2313D4C223A93600097D74E /* Category.swift in Sources */,
			);
			runOnlyForDeploymentPostprocessing = 0;
		};
/* End PBXSourcesBuildPhase section */

/* Begin PBXVariantGroup section */
		B2F6EC4622393CB7009E4DC1 /* Main.storyboard */ = {
			isa = PBXVariantGroup;
			children = (
				B2F6EC4722393CB7009E4DC1 /* Base */,
			);
			name = Main.storyboard;
			sourceTree = "<group>";
		};
		B2F6EC4B22393CB9009E4DC1 /* LaunchScreen.storyboard */ = {
			isa = PBXVariantGroup;
			children = (
				B2F6EC4C22393CB9009E4DC1 /* Base */,
			);
			name = LaunchScreen.storyboard;
			sourceTree = "<group>";
		};
/* End PBXVariantGroup section */

/* Begin XCBuildConfiguration section */
		B2F6EC4F22393CB9009E4DC1 /* Debug */ = {
			isa = XCBuildConfiguration;
			buildSettings = {
				ALWAYS_SEARCH_USER_PATHS = NO;
				CLANG_ANALYZER_NONNULL = YES;
				CLANG_ANALYZER_NUMBER_OBJECT_CONVERSION = YES_AGGRESSIVE;
				CLANG_CXX_LANGUAGE_STANDARD = "gnu++14";
				CLANG_CXX_LIBRARY = "libc++";
				CLANG_ENABLE_MODULES = YES;
				CLANG_ENABLE_OBJC_ARC = YES;
				CLANG_ENABLE_OBJC_WEAK = YES;
				CLANG_WARN_BLOCK_CAPTURE_AUTORELEASING = YES;
				CLANG_WARN_BOOL_CONVERSION = YES;
				CLANG_WARN_COMMA = YES;
				CLANG_WARN_CONSTANT_CONVERSION = YES;
				CLANG_WARN_DEPRECATED_OBJC_IMPLEMENTATIONS = YES;
				CLANG_WARN_DIRECT_OBJC_ISA_USAGE = YES_ERROR;
				CLANG_WARN_DOCUMENTATION_COMMENTS = YES;
				CLANG_WARN_EMPTY_BODY = YES;
				CLANG_WARN_ENUM_CONVERSION = YES;
				CLANG_WARN_INFINITE_RECURSION = YES;
				CLANG_WARN_INT_CONVERSION = YES;
				CLANG_WARN_NON_LITERAL_NULL_CONVERSION = YES;
				CLANG_WARN_OBJC_IMPLICIT_RETAIN_SELF = YES;
				CLANG_WARN_OBJC_LITERAL_CONVERSION = YES;
				CLANG_WARN_OBJC_ROOT_CLASS = YES_ERROR;
				CLANG_WARN_RANGE_LOOP_ANALYSIS = YES;
				CLANG_WARN_STRICT_PROTOTYPES = YES;
				CLANG_WARN_SUSPICIOUS_MOVE = YES;
				CLANG_WARN_UNGUARDED_AVAILABILITY = YES_AGGRESSIVE;
				CLANG_WARN_UNREACHABLE_CODE = YES;
				CLANG_WARN__DUPLICATE_METHOD_MATCH = YES;
				CODE_SIGN_IDENTITY = "iPhone Developer";
				COPY_PHASE_STRIP = NO;
				DEBUG_INFORMATION_FORMAT = dwarf;
				ENABLE_STRICT_OBJC_MSGSEND = YES;
				ENABLE_TESTABILITY = YES;
				GCC_C_LANGUAGE_STANDARD = gnu11;
				GCC_DYNAMIC_NO_PIC = NO;
				GCC_NO_COMMON_BLOCKS = YES;
				GCC_OPTIMIZATION_LEVEL = 0;
				GCC_PREPROCESSOR_DEFINITIONS = (
					"DEBUG=1",
					"$(inherited)",
				);
				GCC_WARN_64_TO_32_BIT_CONVERSION = YES;
				GCC_WARN_ABOUT_RETURN_TYPE = YES_ERROR;
				GCC_WARN_UNDECLARED_SELECTOR = YES;
				GCC_WARN_UNINITIALIZED_AUTOS = YES_AGGRESSIVE;
				GCC_WARN_UNUSED_FUNCTION = YES;
				GCC_WARN_UNUSED_VARIABLE = YES;
				IPHONEOS_DEPLOYMENT_TARGET = 12.1;
				MTL_ENABLE_DEBUG_INFO = INCLUDE_SOURCE;
				MTL_FAST_MATH = YES;
				ONLY_ACTIVE_ARCH = YES;
				SDKROOT = iphoneos;
				SWIFT_ACTIVE_COMPILATION_CONDITIONS = DEBUG;
				SWIFT_OPTIMIZATION_LEVEL = "-Onone";
			};
			name = Debug;
		};
		B2F6EC5022393CB9009E4DC1 /* Release */ = {
			isa = XCBuildConfiguration;
			buildSettings = {
				ALWAYS_SEARCH_USER_PATHS = NO;
				CLANG_ANALYZER_NONNULL = YES;
				CLANG_ANALYZER_NUMBER_OBJECT_CONVERSION = YES_AGGRESSIVE;
				CLANG_CXX_LANGUAGE_STANDARD = "gnu++14";
				CLANG_CXX_LIBRARY = "libc++";
				CLANG_ENABLE_MODULES = YES;
				CLANG_ENABLE_OBJC_ARC = YES;
				CLANG_ENABLE_OBJC_WEAK = YES;
				CLANG_WARN_BLOCK_CAPTURE_AUTORELEASING = YES;
				CLANG_WARN_BOOL_CONVERSION = YES;
				CLANG_WARN_COMMA = YES;
				CLANG_WARN_CONSTANT_CONVERSION = YES;
				CLANG_WARN_DEPRECATED_OBJC_IMPLEMENTATIONS = YES;
				CLANG_WARN_DIRECT_OBJC_ISA_USAGE = YES_ERROR;
				CLANG_WARN_DOCUMENTATION_COMMENTS = YES;
				CLANG_WARN_EMPTY_BODY = YES;
				CLANG_WARN_ENUM_CONVERSION = YES;
				CLANG_WARN_INFINITE_RECURSION = YES;
				CLANG_WARN_INT_CONVERSION = YES;
				CLANG_WARN_NON_LITERAL_NULL_CONVERSION = YES;
				CLANG_WARN_OBJC_IMPLICIT_RETAIN_SELF = YES;
				CLANG_WARN_OBJC_LITERAL_CONVERSION = YES;
				CLANG_WARN_OBJC_ROOT_CLASS = YES_ERROR;
				CLANG_WARN_RANGE_LOOP_ANALYSIS = YES;
				CLANG_WARN_STRICT_PROTOTYPES = YES;
				CLANG_WARN_SUSPICIOUS_MOVE = YES;
				CLANG_WARN_UNGUARDED_AVAILABILITY = YES_AGGRESSIVE;
				CLANG_WARN_UNREACHABLE_CODE = YES;
				CLANG_WARN__DUPLICATE_METHOD_MATCH = YES;
				CODE_SIGN_IDENTITY = "iPhone Developer";
				COPY_PHASE_STRIP = NO;
				DEBUG_INFORMATION_FORMAT = "dwarf-with-dsym";
				ENABLE_NS_ASSERTIONS = NO;
				ENABLE_STRICT_OBJC_MSGSEND = YES;
				GCC_C_LANGUAGE_STANDARD = gnu11;
				GCC_NO_COMMON_BLOCKS = YES;
				GCC_WARN_64_TO_32_BIT_CONVERSION = YES;
				GCC_WARN_ABOUT_RETURN_TYPE = YES_ERROR;
				GCC_WARN_UNDECLARED_SELECTOR = YES;
				GCC_WARN_UNINITIALIZED_AUTOS = YES_AGGRESSIVE;
				GCC_WARN_UNUSED_FUNCTION = YES;
				GCC_WARN_UNUSED_VARIABLE = YES;
				IPHONEOS_DEPLOYMENT_TARGET = 12.1;
				MTL_ENABLE_DEBUG_INFO = NO;
				MTL_FAST_MATH = YES;
				SDKROOT = iphoneos;
				SWIFT_COMPILATION_MODE = wholemodule;
				SWIFT_OPTIMIZATION_LEVEL = "-O";
				VALIDATE_PRODUCT = YES;
			};
			name = Release;
		};
		B2F6EC5222393CB9009E4DC1 /* Debug */ = {
			isa = XCBuildConfiguration;
			baseConfigurationReference = 16DD5D36636D38CBA0E7CDEF /* Pods-Todoey.debug.xcconfig */;
			buildSettings = {
				ASSETCATALOG_COMPILER_APPICON_NAME = AppIcon;
				CODE_SIGN_IDENTITY = "iPhone Developer";
				CODE_SIGN_STYLE = Automatic;
				DEVELOPMENT_TEAM = F6J37AF824;
				INFOPLIST_FILE = Todoey/Info.plist;
				LD_RUNPATH_SEARCH_PATHS = (
					"$(inherited)",
					"@executable_path/Frameworks",
				);
				PRODUCT_BUNDLE_IDENTIFIER = com.armanmorshed.Todoey;
				PRODUCT_NAME = "$(TARGET_NAME)";
				PROVISIONING_PROFILE_SPECIFIER = "";
				SWIFT_VERSION = 4.2;
				TARGETED_DEVICE_FAMILY = "1,2";
			};
			name = Debug;
		};
		B2F6EC5322393CB9009E4DC1 /* Release */ = {
			isa = XCBuildConfiguration;
			baseConfigurationReference = 09CFB1F8FC4FC4B911111D8F /* Pods-Todoey.release.xcconfig */;
			buildSettings = {
				ASSETCATALOG_COMPILER_APPICON_NAME = AppIcon;
				CODE_SIGN_IDENTITY = "iPhone Developer";
				CODE_SIGN_STYLE = Automatic;
				DEVELOPMENT_TEAM = F6J37AF824;
				INFOPLIST_FILE = Todoey/Info.plist;
				LD_RUNPATH_SEARCH_PATHS = (
					"$(inherited)",
					"@executable_path/Frameworks",
				);
				PRODUCT_BUNDLE_IDENTIFIER = com.armanmorshed.Todoey;
				PRODUCT_NAME = "$(TARGET_NAME)";
				PROVISIONING_PROFILE_SPECIFIER = "";
				SWIFT_VERSION = 4.2;
				TARGETED_DEVICE_FAMILY = "1,2";
			};
			name = Release;
		};
/* End XCBuildConfiguration section */

/* Begin XCConfigurationList section */
		B2F6EC3A22393CB7009E4DC1 /* Build configuration list for PBXProject "Todoey" */ = {
			isa = XCConfigurationList;
			buildConfigurations = (
				B2F6EC4F22393CB9009E4DC1 /* Debug */,
				B2F6EC5022393CB9009E4DC1 /* Release */,
			);
			defaultConfigurationIsVisible = 0;
			defaultConfigurationName = Release;
		};
		B2F6EC5122393CB9009E4DC1 /* Build configuration list for PBXNativeTarget "Todoey" */ = {
			isa = XCConfigurationList;
			buildConfigurations = (
				B2F6EC5222393CB9009E4DC1 /* Debug */,
				B2F6EC5322393CB9009E4DC1 /* Release */,
			);
			defaultConfigurationIsVisible = 0;
			defaultConfigurationName = Release;
		};
/* End XCConfigurationList section */
	};
	rootObject = B2F6EC3722393CB7009E4DC1 /* Project object */;
}
